
Microsoft Visual Studio Solution File, Format Version 12.00
# Visual Studio Version 17
VisualStudioVersion = 17.1.31903.286
MinimumVisualStudioVersion = 10.0.40219.1
Project("{9A19103F-16F7-4668-BE54-9A1E7A4F7556}") = "WNews", "WNews.csproj", "{89D304E3-F011-4F08-BE35-9DD7C42E5894}"
EndProject
Global
	GlobalSection(SolutionConfigurationPlatforms) = preSolution
		Debug|Any CPU = Debug|Any CPU
		Release|Any CPU = Release|Any CPU
	EndGlobalSection
	GlobalSection(ProjectConfigurationPlatforms) = postSolution
		{89D304E3-F011-4F08-BE35-9DD7C42E5894}.Debug|Any CPU.ActiveCfg = Debug|Any CPU
		{89D304E3-F011-4F08-BE35-9DD7C42E5894}.Debug|Any CPU.Build.0 = Debug|Any CPU
		{89D304E3-F011-4F08-BE35-9DD7C42E5894}.Release|Any CPU.ActiveCfg = Release|Any CPU
		{89D304E3-F011-4F08-BE35-9DD7C42E5894}.Release|Any CPU.Build.0 = Release|Any CPU
	EndGlobalSection
	GlobalSection(SolutionProperties) = preSolution
		HideSolutionNode = FALSE
	EndGlobalSection
	GlobalSection(ExtensibilityGlobals) = postSolution
		SolutionGuid = {EB0D164F-491E-4BB7-B43E-9954F13020F2}
	EndGlobalSection
EndGlobal
